
Microsoft Visual Studio Solution File, Format Version 12.00
# Visual Studio Version 17
VisualStudioVersion = 17.3.32825.248
MinimumVisualStudioVersion = 10.0.40219.1
Project("{9A19103F-16F7-4668-BE54-9A1E7A4F7556}") = "Japanese.API", "Japanese.API\Japanese.API.csproj", "{EA59A3F5-3CC5-48CC-891F-90F610A700EC}"
EndProject
Project("{9A19103F-16F7-4668-BE54-9A1E7A4F7556}") = "Japanese.Core", "Japanese.Core\Japanese.Core.csproj", "{F4743D82-A2A0-4FCB-A354-FFEFDD3569F1}"
EndProject
Project("{9A19103F-16F7-4668-BE54-9A1E7A4F7556}") = "Japanese.Models", "Japanese.Models\Japanese.Models.csproj", "{B4899F1F-2A25-42EA-998F-B847B67F543D}"
EndProject
Project("{9A19103F-16F7-4668-BE54-9A1E7A4F7556}") = "Japanese.Repositories", "Japanese.Repositories\Japanese.Repositories.csproj", "{6A1661E5-9A8B-4644-AB55-3ECDA5C8BD84}"
EndProject
Project("{9A19103F-16F7-4668-BE54-9A1E7A4F7556}") = "Japanese.Services", "Japanese.Services\Japanese.Services.csproj", "{E18771C5-07FA-4E6A-880E-87BB6867FE3B}"
EndProject
Project("{2150E333-8FDC-42A3-9474-1A3956D46DE8}") = "AppCore", "AppCore", "{E2987820-1AB8-4F8D-9F09-A4FB184F3184}"
EndProject
Project("{2150E333-8FDC-42A3-9474-1A3956D46DE8}") = "API", "API", "{3FC1EFC9-8523-4290-8FD7-51A5A8514D1A}"
EndProject
Project("{2150E333-8FDC-42A3-9474-1A3956D46DE8}") = "Business", "Business", "{C16A59D0-4F7C-434C-8993-1FF49E8900C9}"
EndProject
Project("{9A19103F-16F7-4668-BE54-9A1E7A4F7556}") = "Japanese.CachedRepository", "Japanese.CachedRepository\Japanese.CachedRepository.csproj", "{DF67420B-FCD2-4005-86DE-AA0C373806D7}"
EndProject
Project("{2150E333-8FDC-42A3-9474-1A3956D46DE8}") = "Plugins", "Plugins", "{9EEBE1F7-C255-458A-9737-4D964E88E167}"
EndProject
Project("{9A19103F-16F7-4668-BE54-9A1E7A4F7556}") = "Japanese.Admin.API", "Japanese.Admin.API\Japanese.Admin.API.csproj", "{CAE6E5F7-348A-4937-B0A4-6E4CAA0EDBC9}"
EndProject
Project("{2150E333-8FDC-42A3-9474-1A3956D46DE8}") = "Static Data", "Static Data", "{02EF5E1F-AE17-46F4-9A86-78CD9CC56D9E}"
EndProject
Project("{FAE04EC0-301F-11D3-BF4B-00C04F79EFBC}") = "Japanese.Kanjidic2", "Japanese.Kanjidic2\Japanese.Kanjidic2.csproj", "{840F0135-EC81-455E-8CA6-316797F3B6EE}"
EndProject
Global
	GlobalSection(SolutionConfigurationPlatforms) = preSolution
		Debug|Any CPU = Debug|Any CPU
		Release|Any CPU = Release|Any CPU
	EndGlobalSection
	GlobalSection(ProjectConfigurationPlatforms) = postSolution
		{EA59A3F5-3CC5-48CC-891F-90F610A700EC}.Debug|Any CPU.ActiveCfg = Debug|Any CPU
		{EA59A3F5-3CC5-48CC-891F-90F610A700EC}.Debug|Any CPU.Build.0 = Debug|Any CPU
		{EA59A3F5-3CC5-48CC-891F-90F610A700EC}.Release|Any CPU.ActiveCfg = Release|Any CPU
		{EA59A3F5-3CC5-48CC-891F-90F610A700EC}.Release|Any CPU.Build.0 = Release|Any CPU
		{F4743D82-A2A0-4FCB-A354-FFEFDD3569F1}.Debug|Any CPU.ActiveCfg = Debug|Any CPU
		{F4743D82-A2A0-4FCB-A354-FFEFDD3569F1}.Debug|Any CPU.Build.0 = Debug|Any CPU
		{F4743D82-A2A0-4FCB-A354-FFEFDD3569F1}.Release|Any CPU.ActiveCfg = Release|Any CPU
		{F4743D82-A2A0-4FCB-A354-FFEFDD3569F1}.Release|Any CPU.Build.0 = Release|Any CPU
		{B4899F1F-2A25-42EA-998F-B847B67F543D}.Debug|Any CPU.ActiveCfg = Debug|Any CPU
		{B4899F1F-2A25-42EA-998F-B847B67F543D}.Debug|Any CPU.Build.0 = Debug|Any CPU
		{B4899F1F-2A25-42EA-998F-B847B67F543D}.Release|Any CPU.ActiveCfg = Release|Any CPU
		{B4899F1F-2A25-42EA-998F-B847B67F543D}.Release|Any CPU.Build.0 = Release|Any CPU
		{6A1661E5-9A8B-4644-AB55-3ECDA5C8BD84}.Debug|Any CPU.ActiveCfg = Debug|Any CPU
		{6A1661E5-9A8B-4644-AB55-3ECDA5C8BD84}.Debug|Any CPU.Build.0 = Debug|Any CPU
		{6A1661E5-9A8B-4644-AB55-3ECDA5C8BD84}.Release|Any CPU.ActiveCfg = Release|Any CPU
		{6A1661E5-9A8B-4644-AB55-3ECDA5C8BD84}.Release|Any CPU.Build.0 = Release|Any CPU
		{E18771C5-07FA-4E6A-880E-87BB6867FE3B}.Debug|Any CPU.ActiveCfg = Debug|Any CPU
		{E18771C5-07FA-4E6A-880E-87BB6867FE3B}.Debug|Any CPU.Build.0 = Debug|Any CPU
		{E18771C5-07FA-4E6A-880E-87BB6867FE3B}.Release|Any CPU.ActiveCfg = Release|Any CPU
		{E18771C5-07FA-4E6A-880E-87BB6867FE3B}.Release|Any CPU.Build.0 = Release|Any CPU
		{DF67420B-FCD2-4005-86DE-AA0C373806D7}.Debug|Any CPU.ActiveCfg = Debug|Any CPU
		{DF67420B-FCD2-4005-86DE-AA0C373806D7}.Debug|Any CPU.Build.0 = Debug|Any CPU
		{DF67420B-FCD2-4005-86DE-AA0C373806D7}.Release|Any CPU.ActiveCfg = Release|Any CPU
		{DF67420B-FCD2-4005-86DE-AA0C373806D7}.Release|Any CPU.Build.0 = Release|Any CPU
		{CAE6E5F7-348A-4937-B0A4-6E4CAA0EDBC9}.Debug|Any CPU.ActiveCfg = Debug|Any CPU
		{CAE6E5F7-348A-4937-B0A4-6E4CAA0EDBC9}.Debug|Any CPU.Build.0 = Debug|Any CPU
		{CAE6E5F7-348A-4937-B0A4-6E4CAA0EDBC9}.Release|Any CPU.ActiveCfg = Release|Any CPU
		{CAE6E5F7-348A-4937-B0A4-6E4CAA0EDBC9}.Release|Any CPU.Build.0 = Release|Any CPU
		{840F0135-EC81-455E-8CA6-316797F3B6EE}.Debug|Any CPU.ActiveCfg = Debug|Any CPU
		{840F0135-EC81-455E-8CA6-316797F3B6EE}.Debug|Any CPU.Build.0 = Debug|Any CPU
		{840F0135-EC81-455E-8CA6-316797F3B6EE}.Release|Any CPU.ActiveCfg = Release|Any CPU
		{840F0135-EC81-455E-8CA6-316797F3B6EE}.Release|Any CPU.Build.0 = Release|Any CPU
	EndGlobalSection
	GlobalSection(SolutionProperties) = preSolution
		HideSolutionNode = FALSE
	EndGlobalSection
	GlobalSection(NestedProjects) = preSolution
		{EA59A3F5-3CC5-48CC-891F-90F610A700EC} = {3FC1EFC9-8523-4290-8FD7-51A5A8514D1A}
		{F4743D82-A2A0-4FCB-A354-FFEFDD3569F1} = {E2987820-1AB8-4F8D-9F09-A4FB184F3184}
		{B4899F1F-2A25-42EA-998F-B847B67F543D} = {C16A59D0-4F7C-434C-8993-1FF49E8900C9}
		{6A1661E5-9A8B-4644-AB55-3ECDA5C8BD84} = {C16A59D0-4F7C-434C-8993-1FF49E8900C9}
		{E18771C5-07FA-4E6A-880E-87BB6867FE3B} = {C16A59D0-4F7C-434C-8993-1FF49E8900C9}
		{DF67420B-FCD2-4005-86DE-AA0C373806D7} = {C16A59D0-4F7C-434C-8993-1FF49E8900C9}
		{CAE6E5F7-348A-4937-B0A4-6E4CAA0EDBC9} = {3FC1EFC9-8523-4290-8FD7-51A5A8514D1A}
		{840F0135-EC81-455E-8CA6-316797F3B6EE} = {02EF5E1F-AE17-46F4-9A86-78CD9CC56D9E}
	EndGlobalSection
	GlobalSection(ExtensibilityGlobals) = postSolution
		SolutionGuid = {1217586F-C328-414A-9DB3-8B6CE97D8A34}
	EndGlobalSection
EndGlobal
