
Microsoft Visual Studio Solution File, Format Version 12.00
# Visual Studio Version 17
VisualStudioVersion = 17.3.32825.248
MinimumVisualStudioVersion = 10.0.40219.1
Project("{9A19103F-16F7-4668-BE54-9A1E7A4F7556}") = "Japanese.Core", "Japanese.Core\Japanese.Core.csproj", "{F4743D82-A2A0-4FCB-A354-FFEFDD3569F1}"
EndProject
Project("{9A19103F-16F7-4668-BE54-9A1E7A4F7556}") = "Japanese.LanguageCore", "Japanese.LanguageCore\Japanese.LanguageCore.csproj", "{8DBE1892-FB84-4400-9822-4EEB813E91EE}"
EndProject
Project("{2150E333-8FDC-42A3-9474-1A3956D46DE8}") = "Plugins", "Plugins", "{810D0EFD-C2CF-4D6C-AA26-030EF43D3C77}"
EndProject
Project("{2150E333-8FDC-42A3-9474-1A3956D46DE8}") = "AppCore", "AppCore", "{E2987820-1AB8-4F8D-9F09-A4FB184F3184}"
EndProject
Project("{9A19103F-16F7-4668-BE54-9A1E7A4F7556}") = "Japanese.Plugin.HVDIC_THIVIEN_NET", "Plugins\Japanese.Plugin.HVDIC_THIVIEN_NET\Japanese.Plugin.HVDIC_THIVIEN_NET.csproj", "{FE995D55-8CEB-486B-ACDD-FF1BAFCE2046}"
EndProject
Project("{9A19103F-16F7-4668-BE54-9A1E7A4F7556}") = "Japanese.Plugin.OpenAI", "Plugins\Japanese.Plugin.OpenAI\Japanese.Plugin.OpenAI.csproj", "{5F969FCC-D69A-407D-8DC6-453FA88B32E2}"
EndProject
Global
	GlobalSection(SolutionConfigurationPlatforms) = preSolution
		Debug|Any CPU = Debug|Any CPU
		Release|Any CPU = Release|Any CPU
	EndGlobalSection
	GlobalSection(ProjectConfigurationPlatforms) = postSolution
		{F4743D82-A2A0-4FCB-A354-FFEFDD3569F1}.Debug|Any CPU.ActiveCfg = Debug|Any CPU
		{F4743D82-A2A0-4FCB-A354-FFEFDD3569F1}.Debug|Any CPU.Build.0 = Debug|Any CPU
		{F4743D82-A2A0-4FCB-A354-FFEFDD3569F1}.Release|Any CPU.ActiveCfg = Release|Any CPU
		{F4743D82-A2A0-4FCB-A354-FFEFDD3569F1}.Release|Any CPU.Build.0 = Release|Any CPU
		{8DBE1892-FB84-4400-9822-4EEB813E91EE}.Debug|Any CPU.ActiveCfg = Debug|Any CPU
		{8DBE1892-FB84-4400-9822-4EEB813E91EE}.Debug|Any CPU.Build.0 = Debug|Any CPU
		{8DBE1892-FB84-4400-9822-4EEB813E91EE}.Release|Any CPU.ActiveCfg = Release|Any CPU
		{8DBE1892-FB84-4400-9822-4EEB813E91EE}.Release|Any CPU.Build.0 = Release|Any CPU
		{FE995D55-8CEB-486B-ACDD-FF1BAFCE2046}.Debug|Any CPU.ActiveCfg = Debug|Any CPU
		{FE995D55-8CEB-486B-ACDD-FF1BAFCE2046}.Debug|Any CPU.Build.0 = Debug|Any CPU
		{FE995D55-8CEB-486B-ACDD-FF1BAFCE2046}.Release|Any CPU.ActiveCfg = Release|Any CPU
		{FE995D55-8CEB-486B-ACDD-FF1BAFCE2046}.Release|Any CPU.Build.0 = Release|Any CPU
		{5F969FCC-D69A-407D-8DC6-453FA88B32E2}.Debug|Any CPU.ActiveCfg = Debug|Any CPU
		{5F969FCC-D69A-407D-8DC6-453FA88B32E2}.Debug|Any CPU.Build.0 = Debug|Any CPU
		{5F969FCC-D69A-407D-8DC6-453FA88B32E2}.Release|Any CPU.ActiveCfg = Release|Any CPU
		{5F969FCC-D69A-407D-8DC6-453FA88B32E2}.Release|Any CPU.Build.0 = Release|Any CPU
	EndGlobalSection
	GlobalSection(SolutionProperties) = preSolution
		HideSolutionNode = FALSE
	EndGlobalSection
	GlobalSection(NestedProjects) = preSolution
		{F4743D82-A2A0-4FCB-A354-FFEFDD3569F1} = {E2987820-1AB8-4F8D-9F09-A4FB184F3184}
		{8DBE1892-FB84-4400-9822-4EEB813E91EE} = {E2987820-1AB8-4F8D-9F09-A4FB184F3184}
		{FE995D55-8CEB-486B-ACDD-FF1BAFCE2046} = {810D0EFD-C2CF-4D6C-AA26-030EF43D3C77}
		{5F969FCC-D69A-407D-8DC6-453FA88B32E2} = {810D0EFD-C2CF-4D6C-AA26-030EF43D3C77}
	EndGlobalSection
	GlobalSection(ExtensibilityGlobals) = postSolution
		SolutionGuid = {1217586F-C328-414A-9DB3-8B6CE97D8A34}
	EndGlobalSection
EndGlobal
