
Microsoft Visual Studio Solution File, Format Version 12.00
# Visual Studio Version 17
VisualStudioVersion = 17.3.32825.248
MinimumVisualStudioVersion = 10.0.40219.1
Project("{9A19103F-16F7-4668-BE54-9A1E7A4F7556}") = "Japanese.Application", "Japanese.Application\Japanese.Application.csproj", "{7953BFD8-B766-482D-BE99-164C24CC1B68}"
EndProject
Project("{9A19103F-16F7-4668-BE54-9A1E7A4F7556}") = "Japanese.Domain", "Japanese.Domain\Japanese.Domain.csproj", "{8B82DE93-F623-457A-B791-D1E37F7F3F3E}"
EndProject
Project("{9A19103F-16F7-4668-BE54-9A1E7A4F7556}") = "Japanese.Infrastructure", "Japanese.Infrastructure\Japanese.Infrastructure.csproj", "{CCFC3D86-F571-465C-8E7F-C6A653E72F91}"
EndProject
Project("{9A19103F-16F7-4668-BE54-9A1E7A4F7556}") = "Japanese.API", "Japanese.API\Japanese.API.csproj", "{EA59A3F5-3CC5-48CC-891F-90F610A700EC}"
EndProject
Global
	GlobalSection(SolutionConfigurationPlatforms) = preSolution
		Debug|Any CPU = Debug|Any CPU
		Release|Any CPU = Release|Any CPU
	EndGlobalSection
	GlobalSection(ProjectConfigurationPlatforms) = postSolution
		{7953BFD8-B766-482D-BE99-164C24CC1B68}.Debug|Any CPU.ActiveCfg = Debug|Any CPU
		{7953BFD8-B766-482D-BE99-164C24CC1B68}.Debug|Any CPU.Build.0 = Debug|Any CPU
		{7953BFD8-B766-482D-BE99-164C24CC1B68}.Release|Any CPU.ActiveCfg = Release|Any CPU
		{7953BFD8-B766-482D-BE99-164C24CC1B68}.Release|Any CPU.Build.0 = Release|Any CPU
		{8B82DE93-F623-457A-B791-D1E37F7F3F3E}.Debug|Any CPU.ActiveCfg = Debug|Any CPU
		{8B82DE93-F623-457A-B791-D1E37F7F3F3E}.Debug|Any CPU.Build.0 = Debug|Any CPU
		{8B82DE93-F623-457A-B791-D1E37F7F3F3E}.Release|Any CPU.ActiveCfg = Release|Any CPU
		{8B82DE93-F623-457A-B791-D1E37F7F3F3E}.Release|Any CPU.Build.0 = Release|Any CPU
		{CCFC3D86-F571-465C-8E7F-C6A653E72F91}.Debug|Any CPU.ActiveCfg = Debug|Any CPU
		{CCFC3D86-F571-465C-8E7F-C6A653E72F91}.Debug|Any CPU.Build.0 = Debug|Any CPU
		{CCFC3D86-F571-465C-8E7F-C6A653E72F91}.Release|Any CPU.ActiveCfg = Release|Any CPU
		{CCFC3D86-F571-465C-8E7F-C6A653E72F91}.Release|Any CPU.Build.0 = Release|Any CPU
		{EA59A3F5-3CC5-48CC-891F-90F610A700EC}.Debug|Any CPU.ActiveCfg = Debug|Any CPU
		{EA59A3F5-3CC5-48CC-891F-90F610A700EC}.Debug|Any CPU.Build.0 = Debug|Any CPU
		{EA59A3F5-3CC5-48CC-891F-90F610A700EC}.Release|Any CPU.ActiveCfg = Release|Any CPU
		{EA59A3F5-3CC5-48CC-891F-90F610A700EC}.Release|Any CPU.Build.0 = Release|Any CPU
	EndGlobalSection
	GlobalSection(SolutionProperties) = preSolution
		HideSolutionNode = FALSE
	EndGlobalSection
	GlobalSection(ExtensibilityGlobals) = postSolution
		SolutionGuid = {1217586F-C328-414A-9DB3-8B6CE97D8A34}
	EndGlobalSection
EndGlobal
