
Microsoft Visual Studio Solution File, Format Version 12.00
# Visual Studio Version 17
VisualStudioVersion = 17.3.32825.248
MinimumVisualStudioVersion = 10.0.40219.1
Project("{9A19103F-16F7-4668-BE54-9A1E7A4F7556}") = "Japanese.API", "Japanese.API\Japanese.API.csproj", "{EA59A3F5-3CC5-48CC-891F-90F610A700EC}"
EndProject
Project("{9A19103F-16F7-4668-BE54-9A1E7A4F7556}") = "Japanese.Models", "Japanese.Models\Japanese.Models.csproj", "{B4899F1F-2A25-42EA-998F-B847B67F543D}"
EndProject
Project("{9A19103F-16F7-4668-BE54-9A1E7A4F7556}") = "Japanese.Repositories", "Japanese.Repositories\Japanese.Repositories.csproj", "{6A1661E5-9A8B-4644-AB55-3ECDA5C8BD84}"
EndProject
Project("{9A19103F-16F7-4668-BE54-9A1E7A4F7556}") = "Japanese.Services", "Japanese.Services\Japanese.Services.csproj", "{E18771C5-07FA-4E6A-880E-87BB6867FE3B}"
EndProject
Project("{2150E333-8FDC-42A3-9474-1A3956D46DE8}") = "API", "API", "{3FC1EFC9-8523-4290-8FD7-51A5A8514D1A}"
EndProject
Project("{2150E333-8FDC-42A3-9474-1A3956D46DE8}") = "Business", "Business", "{C16A59D0-4F7C-434C-8993-1FF49E8900C9}"
EndProject
Project("{9A19103F-16F7-4668-BE54-9A1E7A4F7556}") = "Japanese.CachedRepository", "Japanese.CachedRepository\Japanese.CachedRepository.csproj", "{DF67420B-FCD2-4005-86DE-AA0C373806D7}"
EndProject
Project("{2150E333-8FDC-42A3-9474-1A3956D46DE8}") = "StaticData", "StaticData", "{02EF5E1F-AE17-46F4-9A86-78CD9CC56D9E}"
EndProject
Project("{9A19103F-16F7-4668-BE54-9A1E7A4F7556}") = "Japanese.Kanjidic2", "Japanese.Kanjidic2\Japanese.Kanjidic2.csproj", "{840F0135-EC81-455E-8CA6-316797F3B6EE}"
EndProject
Project("{2150E333-8FDC-42A3-9474-1A3956D46DE8}") = "Modules", "Modules", "{CF606F2C-E138-4CEE-AD63-0E664FEC325B}"
EndProject
Project("{FAE04EC0-301F-11D3-BF4B-00C04F79EFBC}") = "khothemegiatot.WebApi", "..\Modules\khothemegiatot.WebApi\khothemegiatot.WebApi.csproj", "{0BA2F646-A5C6-4EDA-B1AA-2CBA5C811078}"
EndProject
Project("{FAE04EC0-301F-11D3-BF4B-00C04F79EFBC}") = "khothemegiatot.Hashify", "..\Modules\khothemegiatot.Hashify\khothemegiatot.Hashify.csproj", "{9FBE76EF-F47B-4ED8-A93D-F7A7F8A3FD49}"
EndProject
Project("{FAE04EC0-301F-11D3-BF4B-00C04F79EFBC}") = "khothemegiatot.NoSQL", "..\Modules\khothemegiatot.NoSQL\khothemegiatot.NoSQL.csproj", "{75E501D1-229F-4239-B30B-46EA313D25A8}"
EndProject
Project("{FAE04EC0-301F-11D3-BF4B-00C04F79EFBC}") = "khothemegiatot.ADO.NET", "..\Modules\khothemegiatot.ADO.NET\khothemegiatot.ADO.NET.csproj", "{733C13CE-E86B-4FDF-B611-8A1DE8EE9190}"
EndProject
Global
	GlobalSection(SolutionConfigurationPlatforms) = preSolution
		Debug|Any CPU = Debug|Any CPU
		Release|Any CPU = Release|Any CPU
	EndGlobalSection
	GlobalSection(ProjectConfigurationPlatforms) = postSolution
		{EA59A3F5-3CC5-48CC-891F-90F610A700EC}.Debug|Any CPU.ActiveCfg = Debug|Any CPU
		{EA59A3F5-3CC5-48CC-891F-90F610A700EC}.Debug|Any CPU.Build.0 = Debug|Any CPU
		{EA59A3F5-3CC5-48CC-891F-90F610A700EC}.Release|Any CPU.ActiveCfg = Release|Any CPU
		{EA59A3F5-3CC5-48CC-891F-90F610A700EC}.Release|Any CPU.Build.0 = Release|Any CPU
		{B4899F1F-2A25-42EA-998F-B847B67F543D}.Debug|Any CPU.ActiveCfg = Debug|Any CPU
		{B4899F1F-2A25-42EA-998F-B847B67F543D}.Debug|Any CPU.Build.0 = Debug|Any CPU
		{B4899F1F-2A25-42EA-998F-B847B67F543D}.Release|Any CPU.ActiveCfg = Release|Any CPU
		{B4899F1F-2A25-42EA-998F-B847B67F543D}.Release|Any CPU.Build.0 = Release|Any CPU
		{6A1661E5-9A8B-4644-AB55-3ECDA5C8BD84}.Debug|Any CPU.ActiveCfg = Debug|Any CPU
		{6A1661E5-9A8B-4644-AB55-3ECDA5C8BD84}.Debug|Any CPU.Build.0 = Debug|Any CPU
		{6A1661E5-9A8B-4644-AB55-3ECDA5C8BD84}.Release|Any CPU.ActiveCfg = Release|Any CPU
		{6A1661E5-9A8B-4644-AB55-3ECDA5C8BD84}.Release|Any CPU.Build.0 = Release|Any CPU
		{E18771C5-07FA-4E6A-880E-87BB6867FE3B}.Debug|Any CPU.ActiveCfg = Debug|Any CPU
		{E18771C5-07FA-4E6A-880E-87BB6867FE3B}.Debug|Any CPU.Build.0 = Debug|Any CPU
		{E18771C5-07FA-4E6A-880E-87BB6867FE3B}.Release|Any CPU.ActiveCfg = Release|Any CPU
		{E18771C5-07FA-4E6A-880E-87BB6867FE3B}.Release|Any CPU.Build.0 = Release|Any CPU
		{DF67420B-FCD2-4005-86DE-AA0C373806D7}.Debug|Any CPU.ActiveCfg = Debug|Any CPU
		{DF67420B-FCD2-4005-86DE-AA0C373806D7}.Debug|Any CPU.Build.0 = Debug|Any CPU
		{DF67420B-FCD2-4005-86DE-AA0C373806D7}.Release|Any CPU.ActiveCfg = Release|Any CPU
		{DF67420B-FCD2-4005-86DE-AA0C373806D7}.Release|Any CPU.Build.0 = Release|Any CPU
		{840F0135-EC81-455E-8CA6-316797F3B6EE}.Debug|Any CPU.ActiveCfg = Debug|Any CPU
		{840F0135-EC81-455E-8CA6-316797F3B6EE}.Debug|Any CPU.Build.0 = Debug|Any CPU
		{840F0135-EC81-455E-8CA6-316797F3B6EE}.Release|Any CPU.ActiveCfg = Release|Any CPU
		{840F0135-EC81-455E-8CA6-316797F3B6EE}.Release|Any CPU.Build.0 = Release|Any CPU
		{0BA2F646-A5C6-4EDA-B1AA-2CBA5C811078}.Debug|Any CPU.ActiveCfg = Debug|Any CPU
		{0BA2F646-A5C6-4EDA-B1AA-2CBA5C811078}.Debug|Any CPU.Build.0 = Debug|Any CPU
		{0BA2F646-A5C6-4EDA-B1AA-2CBA5C811078}.Release|Any CPU.ActiveCfg = Release|Any CPU
		{0BA2F646-A5C6-4EDA-B1AA-2CBA5C811078}.Release|Any CPU.Build.0 = Release|Any CPU
		{9FBE76EF-F47B-4ED8-A93D-F7A7F8A3FD49}.Debug|Any CPU.ActiveCfg = Debug|Any CPU
		{9FBE76EF-F47B-4ED8-A93D-F7A7F8A3FD49}.Debug|Any CPU.Build.0 = Debug|Any CPU
		{9FBE76EF-F47B-4ED8-A93D-F7A7F8A3FD49}.Release|Any CPU.ActiveCfg = Release|Any CPU
		{9FBE76EF-F47B-4ED8-A93D-F7A7F8A3FD49}.Release|Any CPU.Build.0 = Release|Any CPU
		{75E501D1-229F-4239-B30B-46EA313D25A8}.Debug|Any CPU.ActiveCfg = Debug|Any CPU
		{75E501D1-229F-4239-B30B-46EA313D25A8}.Debug|Any CPU.Build.0 = Debug|Any CPU
		{75E501D1-229F-4239-B30B-46EA313D25A8}.Release|Any CPU.ActiveCfg = Release|Any CPU
		{75E501D1-229F-4239-B30B-46EA313D25A8}.Release|Any CPU.Build.0 = Release|Any CPU
		{733C13CE-E86B-4FDF-B611-8A1DE8EE9190}.Debug|Any CPU.ActiveCfg = Debug|Any CPU
		{733C13CE-E86B-4FDF-B611-8A1DE8EE9190}.Debug|Any CPU.Build.0 = Debug|Any CPU
		{733C13CE-E86B-4FDF-B611-8A1DE8EE9190}.Release|Any CPU.ActiveCfg = Release|Any CPU
		{733C13CE-E86B-4FDF-B611-8A1DE8EE9190}.Release|Any CPU.Build.0 = Release|Any CPU
	EndGlobalSection
	GlobalSection(SolutionProperties) = preSolution
		HideSolutionNode = FALSE
	EndGlobalSection
	GlobalSection(NestedProjects) = preSolution
		{EA59A3F5-3CC5-48CC-891F-90F610A700EC} = {3FC1EFC9-8523-4290-8FD7-51A5A8514D1A}
		{B4899F1F-2A25-42EA-998F-B847B67F543D} = {C16A59D0-4F7C-434C-8993-1FF49E8900C9}
		{6A1661E5-9A8B-4644-AB55-3ECDA5C8BD84} = {C16A59D0-4F7C-434C-8993-1FF49E8900C9}
		{E18771C5-07FA-4E6A-880E-87BB6867FE3B} = {C16A59D0-4F7C-434C-8993-1FF49E8900C9}
		{DF67420B-FCD2-4005-86DE-AA0C373806D7} = {C16A59D0-4F7C-434C-8993-1FF49E8900C9}
		{840F0135-EC81-455E-8CA6-316797F3B6EE} = {02EF5E1F-AE17-46F4-9A86-78CD9CC56D9E}
		{0BA2F646-A5C6-4EDA-B1AA-2CBA5C811078} = {CF606F2C-E138-4CEE-AD63-0E664FEC325B}
		{9FBE76EF-F47B-4ED8-A93D-F7A7F8A3FD49} = {CF606F2C-E138-4CEE-AD63-0E664FEC325B}
		{75E501D1-229F-4239-B30B-46EA313D25A8} = {CF606F2C-E138-4CEE-AD63-0E664FEC325B}
		{733C13CE-E86B-4FDF-B611-8A1DE8EE9190} = {CF606F2C-E138-4CEE-AD63-0E664FEC325B}
	EndGlobalSection
	GlobalSection(ExtensibilityGlobals) = postSolution
		SolutionGuid = {1217586F-C328-414A-9DB3-8B6CE97D8A34}
	EndGlobalSection
EndGlobal
